# THIS IS AN AUTOGENERATED FILE. DO NOT EDIT THIS FILE DIRECTLY.
# yarn lockfile v1


"@shopify/liquid-html-parser@^2.8.2":
  version "2.8.2"
  resolved "https://registry.yarnpkg.com/@shopify/liquid-html-parser/-/liquid-html-parser-2.8.2.tgz#9729844a69714900524814f3537df0c0dff88c65"
  integrity sha512-g8DRcz4wUj4Ttxm+rK1qPuvIV2/ZqlyGRcVytVMbUkrr/+eVL2yQI/jRGDMeOamkRqB3InuoOjF7nARH+o9UYQ==
  dependencies:
    line-column "^1.0.2"
    ohm-js "^16.3.0"

"@shopify/prettier-plugin-liquid@^1.9.3":
  version "1.9.4"
  resolved "https://registry.yarnpkg.com/@shopify/prettier-plugin-liquid/-/prettier-plugin-liquid-1.9.4.tgz#15f5a9d39cda2990ba9814fc56d9747e7929fa91"
  integrity sha512-Xo4KC44jzyEl2FeBJUOS6mvNbfhhgCxtPH3185wYv9f88TwnSQE2LuyI93B8UuMBfjjQ+4+mzjcL+/92Ldfa2g==
  dependencies:
    "@shopify/liquid-html-parser" "^2.8.2"
    html-styles "^1.0.0"

html-styles@^1.0.0:
  version "1.0.0"
  resolved "https://registry.yarnpkg.com/html-styles/-/html-styles-1.0.0.tgz#a18061fd651f99c6b75c45c8e0549a3bc3e01a75"
  integrity sha512-cDl5dcj73oI4Hy0DSUNh54CAwslNLJRCCoO+RNkVo+sBrjA/0+7E/xzvj3zH/GxbbBLGJhE0hBe1eg+0FINC6w==

isarray@1.0.0, isarray@^1.0.0:
  version "1.0.0"
  resolved "https://registry.yarnpkg.com/isarray/-/isarray-1.0.0.tgz#bb935d48582cba168c06834957a54a3e07124f11"
  integrity sha512-VLghIWNM6ELQzo7zwmcg0NmTVyWKYjvIeM83yjp0wRDTmUnrM678fQbcKBo6n2CJEF0szoG//ytg+TKla89ALQ==

isobject@^2.0.0:
  version "2.1.0"
  resolved "https://registry.yarnpkg.com/isobject/-/isobject-2.1.0.tgz#f065561096a3f1da2ef46272f815c840d87e0c89"
  integrity sha512-+OUdGJlgjOBZDfxnDjYYG6zp487z0JGNQq3cYQYg5f5hKR+syHMsaztzGeml/4kGG55CSpKSpWTY+jYGgsHLgA==
  dependencies:
    isarray "1.0.0"

line-column@^1.0.2:
  version "1.0.2"
  resolved "https://registry.yarnpkg.com/line-column/-/line-column-1.0.2.tgz#d25af2936b6f4849172b312e4792d1d987bc34a2"
  integrity sha512-Ktrjk5noGYlHsVnYWh62FLVs4hTb8A3e+vucNZMgPeAOITdshMSgv4cCZQeRDjm7+goqmo6+liZwTXo+U3sVww==
  dependencies:
    isarray "^1.0.0"
    isobject "^2.0.0"

ohm-js@^16.3.0:
  version "16.6.0"
  resolved "https://registry.yarnpkg.com/ohm-js/-/ohm-js-16.6.0.tgz#a54508b002161b35d4feec2f628d5ab4e07d2f29"
  integrity sha512-X9P4koSGa7swgVQ0gt71UCYtkAQGOjciJPJAz74kDxWt8nXbH5HrDOQG6qBDH7SR40ktNv4x61BwpTDE9q4lRA==

prettier@^3.5.3:
  version "3.6.2"
  resolved "https://registry.yarnpkg.com/prettier/-/prettier-3.6.2.tgz#ccda02a1003ebbb2bfda6f83a074978f608b9393"
  integrity sha512-I7AIg5boAr5R0FFtJ6rCfD+LFsWHp81dolrFD8S79U9tb8Az2nGrJncnMSnys+bpQJfRUzqs9hnA81OAA3hCuQ==
